
Microsoft Visual Studio Solution File, Format Version 12.00
# Visual Studio Version 17
VisualStudioVersion = 17.14.36310.24 d17.14
MinimumVisualStudioVersion = 10.0.40219.1
Project("{FAE04EC0-301F-11D3-BF4B-00C04F79EFBC}") = "ListMissingDLLVersions", "ListMissingDLLVersions\ListMissingDLLVersions.csproj", "{3291054C-1CE2-445D-933B-C983A9B3053E}"
EndProject
Global
	GlobalSection(SolutionConfigurationPlatforms) = preSolution
		Debug|Any CPU = Debug|Any CPU
		Release|Any CPU = Release|Any CPU
	EndGlobalSection
	GlobalSection(ProjectConfigurationPlatforms) = postSolution
		{3291054C-1CE2-445D-933B-C983A9B3053E}.Debug|Any CPU.ActiveCfg = Debug|Any CPU
		{3291054C-1CE2-445D-933B-C983A9B3053E}.Debug|Any CPU.Build.0 = Debug|Any CPU
		{3291054C-1CE2-445D-933B-C983A9B3053E}.Release|Any CPU.ActiveCfg = Release|Any CPU
		{3291054C-1CE2-445D-933B-C983A9B3053E}.Release|Any CPU.Build.0 = Release|Any CPU
	EndGlobalSection
	GlobalSection(SolutionProperties) = preSolution
		HideSolutionNode = FALSE
	EndGlobalSection
	GlobalSection(ExtensibilityGlobals) = postSolution
		SolutionGuid = {7BB05A84-25C4-4F40-871C-5161E6DC3114}
	EndGlobalSection
EndGlobal
